
Microsoft Visual Studio Solution File, Format Version 12.00
# Visual Studio 15
VisualStudioVersion = 15.0.26730.16
MinimumVisualStudioVersion = 10.0.40219.1
Project("{FAE04EC0-301F-11D3-BF4B-00C04F79EFBC}") = "StarterKit", "Web\StarterKit.csproj", "{5B0C0139-9230-4D70-AE79-8FC82BF9D805}"
	ProjectSection(ProjectDependencies) = postProject
		{46968F47-AC70-4ECD-9976-70EE06C0B075} = {46968F47-AC70-4ECD-9976-70EE06C0B075}
		{52373970-7BE1-45DB-8F81-2B2844546FB6} = {52373970-7BE1-45DB-8F81-2B2844546FB6}
		{36146CB0-6845-4CCD-97E2-1EFE188A269D} = {36146CB0-6845-4CCD-97E2-1EFE188A269D}
		{66FBD3B4-96B6-464B-94FC-5BF0160A4DEC} = {66FBD3B4-96B6-464B-94FC-5BF0160A4DEC}
		{D41EC7C8-2A68-4EF4-AE97-CE5E19C364C8} = {D41EC7C8-2A68-4EF4-AE97-CE5E19C364C8}
		{71590CCA-AEB9-4E95-BB48-24533712B704} = {71590CCA-AEB9-4E95-BB48-24533712B704}
	EndProjectSection
EndProject
Project("{FAE04EC0-301F-11D3-BF4B-00C04F79EFBC}") = "StarterKit.Business", "Business\StarterKit.Business.csproj", "{71590CCA-AEB9-4E95-BB48-24533712B704}"
	ProjectSection(ProjectDependencies) = postProject
		{46968F47-AC70-4ECD-9976-70EE06C0B075} = {46968F47-AC70-4ECD-9976-70EE06C0B075}
		{52373970-7BE1-45DB-8F81-2B2844546FB6} = {52373970-7BE1-45DB-8F81-2B2844546FB6}
		{36146CB0-6845-4CCD-97E2-1EFE188A269D} = {36146CB0-6845-4CCD-97E2-1EFE188A269D}
		{66FBD3B4-96B6-464B-94FC-5BF0160A4DEC} = {66FBD3B4-96B6-464B-94FC-5BF0160A4DEC}
	EndProjectSection
EndProject
Project("{FAE04EC0-301F-11D3-BF4B-00C04F79EFBC}") = "StarterKit.DataLayer", "DataLayer\StarterKit.DataLayer.csproj", "{52373970-7BE1-45DB-8F81-2B2844546FB6}"
	ProjectSection(ProjectDependencies) = postProject
		{46968F47-AC70-4ECD-9976-70EE06C0B075} = {46968F47-AC70-4ECD-9976-70EE06C0B075}
		{D41EC7C8-2A68-4EF4-AE97-CE5E19C364C8} = {D41EC7C8-2A68-4EF4-AE97-CE5E19C364C8}
	EndProjectSection
EndProject
Project("{FAE04EC0-301F-11D3-BF4B-00C04F79EFBC}") = "StarterKit.Models", "Models\StarterKit.Models.csproj", "{36146CB0-6845-4CCD-97E2-1EFE188A269D}"
	ProjectSection(ProjectDependencies) = postProject
		{D41EC7C8-2A68-4EF4-AE97-CE5E19C364C8} = {D41EC7C8-2A68-4EF4-AE97-CE5E19C364C8}
	EndProjectSection
EndProject
Project("{FAE04EC0-301F-11D3-BF4B-00C04F79EFBC}") = "StarterKit.Entities", "Entities\StarterKit.Entities.csproj", "{46968F47-AC70-4ECD-9976-70EE06C0B075}"
EndProject
Project("{FAE04EC0-301F-11D3-BF4B-00C04F79EFBC}") = "StarterKit.Common", "Common\StarterKit.Common.csproj", "{66FBD3B4-96B6-464B-94FC-5BF0160A4DEC}"
EndProject
Project("{FAE04EC0-301F-11D3-BF4B-00C04F79EFBC}") = "StarterKit.Interfaces", "Interfaces\StarterKit.Interfaces.csproj", "{D41EC7C8-2A68-4EF4-AE97-CE5E19C364C8}"
EndProject
Global
	GlobalSection(SolutionConfigurationPlatforms) = preSolution
		Debug|Any CPU = Debug|Any CPU
		Release|Any CPU = Release|Any CPU
	EndGlobalSection
	GlobalSection(ProjectConfigurationPlatforms) = postSolution
		{5B0C0139-9230-4D70-AE79-8FC82BF9D805}.Debug|Any CPU.ActiveCfg = Debug|Any CPU
		{5B0C0139-9230-4D70-AE79-8FC82BF9D805}.Debug|Any CPU.Build.0 = Debug|Any CPU
		{5B0C0139-9230-4D70-AE79-8FC82BF9D805}.Release|Any CPU.ActiveCfg = Release|Any CPU
		{5B0C0139-9230-4D70-AE79-8FC82BF9D805}.Release|Any CPU.Build.0 = Release|Any CPU
		{71590CCA-AEB9-4E95-BB48-24533712B704}.Debug|Any CPU.ActiveCfg = Debug|Any CPU
		{71590CCA-AEB9-4E95-BB48-24533712B704}.Debug|Any CPU.Build.0 = Debug|Any CPU
		{71590CCA-AEB9-4E95-BB48-24533712B704}.Release|Any CPU.ActiveCfg = Release|Any CPU
		{71590CCA-AEB9-4E95-BB48-24533712B704}.Release|Any CPU.Build.0 = Release|Any CPU
		{52373970-7BE1-45DB-8F81-2B2844546FB6}.Debug|Any CPU.ActiveCfg = Debug|Any CPU
		{52373970-7BE1-45DB-8F81-2B2844546FB6}.Debug|Any CPU.Build.0 = Debug|Any CPU
		{52373970-7BE1-45DB-8F81-2B2844546FB6}.Release|Any CPU.ActiveCfg = Release|Any CPU
		{52373970-7BE1-45DB-8F81-2B2844546FB6}.Release|Any CPU.Build.0 = Release|Any CPU
		{36146CB0-6845-4CCD-97E2-1EFE188A269D}.Debug|Any CPU.ActiveCfg = Debug|Any CPU
		{36146CB0-6845-4CCD-97E2-1EFE188A269D}.Debug|Any CPU.Build.0 = Debug|Any CPU
		{36146CB0-6845-4CCD-97E2-1EFE188A269D}.Release|Any CPU.ActiveCfg = Release|Any CPU
		{36146CB0-6845-4CCD-97E2-1EFE188A269D}.Release|Any CPU.Build.0 = Release|Any CPU
		{46968F47-AC70-4ECD-9976-70EE06C0B075}.Debug|Any CPU.ActiveCfg = Debug|Any CPU
		{46968F47-AC70-4ECD-9976-70EE06C0B075}.Debug|Any CPU.Build.0 = Debug|Any CPU
		{46968F47-AC70-4ECD-9976-70EE06C0B075}.Release|Any CPU.ActiveCfg = Release|Any CPU
		{46968F47-AC70-4ECD-9976-70EE06C0B075}.Release|Any CPU.Build.0 = Release|Any CPU
		{66FBD3B4-96B6-464B-94FC-5BF0160A4DEC}.Debug|Any CPU.ActiveCfg = Debug|Any CPU
		{66FBD3B4-96B6-464B-94FC-5BF0160A4DEC}.Debug|Any CPU.Build.0 = Debug|Any CPU
		{66FBD3B4-96B6-464B-94FC-5BF0160A4DEC}.Release|Any CPU.ActiveCfg = Release|Any CPU
		{66FBD3B4-96B6-464B-94FC-5BF0160A4DEC}.Release|Any CPU.Build.0 = Release|Any CPU
		{D41EC7C8-2A68-4EF4-AE97-CE5E19C364C8}.Debug|Any CPU.ActiveCfg = Debug|Any CPU
		{D41EC7C8-2A68-4EF4-AE97-CE5E19C364C8}.Debug|Any CPU.Build.0 = Debug|Any CPU
		{D41EC7C8-2A68-4EF4-AE97-CE5E19C364C8}.Release|Any CPU.ActiveCfg = Release|Any CPU
		{D41EC7C8-2A68-4EF4-AE97-CE5E19C364C8}.Release|Any CPU.Build.0 = Release|Any CPU
	EndGlobalSection
	GlobalSection(SolutionProperties) = preSolution
		HideSolutionNode = FALSE
	EndGlobalSection
	GlobalSection(ExtensibilityGlobals) = postSolution
		SolutionGuid = {1FDFE3BE-676F-483E-B787-16B90826B2DD}
	EndGlobalSection
EndGlobal
